
Microsoft Visual Studio Solution File, Format Version 12.00
Project("{2150E333-8FDC-42A3-9474-1A3956D46DE8}") = "src", "src", "{319A2E91-EB37-42C9-96F3-0851F6121184}"
EndProject
Project("{2150E333-8FDC-42A3-9474-1A3956D46DE8}") = "tests", "tests", "{6A914619-A195-45A2-B6F2-3A252188EFE0}"
EndProject
Project("{2150E333-8FDC-42A3-9474-1A3956D46DE8}") = "Backend", "Backend", "{04D81982-AFF0-4469-A9CC-8CC8FF2D6375}"
EndProject
Project("{2150E333-8FDC-42A3-9474-1A3956D46DE8}") = "Shared", "Shared", "{DFCD1C0C-75DC-4D8A-994E-BE8E9F67F463}"
EndProject
Project("{FAE04EC0-301F-11D3-BF4B-00C04F79EFBC}") = "webApi.API", "src\Backend\webApi.API\webApi.API.csproj", "{03BB4EB8-1777-4B56-A247-3AACFDD576A2}"
EndProject
Project("{FAE04EC0-301F-11D3-BF4B-00C04F79EFBC}") = "webApi.Application", "src\Backend\webApi.Application\webApi.Application.csproj", "{D1F966D2-7F36-493D-9B99-6082246E728B}"
EndProject
Project("{FAE04EC0-301F-11D3-BF4B-00C04F79EFBC}") = "webApi.Domain", "src\Backend\webApi.Domain\webApi.Domain.csproj", "{5F0362F1-8F37-4201-8C3E-9ADB96AC5523}"
EndProject
Project("{FAE04EC0-301F-11D3-BF4B-00C04F79EFBC}") = "webApi.Infrastructure", "src\Backend\webApi.Infrastructure\webApi.Infrastructure.csproj", "{89233FA1-24BC-4BE1-9ED7-611748B5A5C9}"
EndProject
Project("{FAE04EC0-301F-11D3-BF4B-00C04F79EFBC}") = "webApi.Communication", "src\Shared\webApi.Communication\webApi.Communication.csproj", "{F84C9D66-B512-4FE4-A434-B1745E507C54}"
EndProject
Project("{FAE04EC0-301F-11D3-BF4B-00C04F79EFBC}") = "webApi.Exceptions", "src\Shared\webApi.Exceptions\webApi.Exceptions.csproj", "{A6322E33-CD5C-404A-B8BA-480DCAD0EFDA}"
EndProject
Project("{FAE04EC0-301F-11D3-BF4B-00C04F79EFBC}") = "webApi.Tests", "tests\webApi.Tests\webApi.Tests.csproj", "{23ED1D60-A412-4D87-B09D-413AAC087519}"
EndProject
Global
	GlobalSection(SolutionConfigurationPlatforms) = preSolution
		Debug|Any CPU = Debug|Any CPU
		Release|Any CPU = Release|Any CPU
	EndGlobalSection
	GlobalSection(NestedProjects) = preSolution
		{04D81982-AFF0-4469-A9CC-8CC8FF2D6375} = {319A2E91-EB37-42C9-96F3-0851F6121184}
		{DFCD1C0C-75DC-4D8A-994E-BE8E9F67F463} = {319A2E91-EB37-42C9-96F3-0851F6121184}
		{03BB4EB8-1777-4B56-A247-3AACFDD576A2} = {04D81982-AFF0-4469-A9CC-8CC8FF2D6375}
		{D1F966D2-7F36-493D-9B99-6082246E728B} = {04D81982-AFF0-4469-A9CC-8CC8FF2D6375}
		{5F0362F1-8F37-4201-8C3E-9ADB96AC5523} = {04D81982-AFF0-4469-A9CC-8CC8FF2D6375}
		{89233FA1-24BC-4BE1-9ED7-611748B5A5C9} = {04D81982-AFF0-4469-A9CC-8CC8FF2D6375}
		{F84C9D66-B512-4FE4-A434-B1745E507C54} = {DFCD1C0C-75DC-4D8A-994E-BE8E9F67F463}
		{A6322E33-CD5C-404A-B8BA-480DCAD0EFDA} = {DFCD1C0C-75DC-4D8A-994E-BE8E9F67F463}
		{23ED1D60-A412-4D87-B09D-413AAC087519} = {6A914619-A195-45A2-B6F2-3A252188EFE0}
	EndGlobalSection
	GlobalSection(ProjectConfigurationPlatforms) = postSolution
		{03BB4EB8-1777-4B56-A247-3AACFDD576A2}.Debug|Any CPU.ActiveCfg = Debug|Any CPU
		{03BB4EB8-1777-4B56-A247-3AACFDD576A2}.Debug|Any CPU.Build.0 = Debug|Any CPU
		{03BB4EB8-1777-4B56-A247-3AACFDD576A2}.Release|Any CPU.ActiveCfg = Release|Any CPU
		{03BB4EB8-1777-4B56-A247-3AACFDD576A2}.Release|Any CPU.Build.0 = Release|Any CPU
		{D1F966D2-7F36-493D-9B99-6082246E728B}.Debug|Any CPU.ActiveCfg = Debug|Any CPU
		{D1F966D2-7F36-493D-9B99-6082246E728B}.Debug|Any CPU.Build.0 = Debug|Any CPU
		{D1F966D2-7F36-493D-9B99-6082246E728B}.Release|Any CPU.ActiveCfg = Release|Any CPU
		{D1F966D2-7F36-493D-9B99-6082246E728B}.Release|Any CPU.Build.0 = Release|Any CPU
		{5F0362F1-8F37-4201-8C3E-9ADB96AC5523}.Debug|Any CPU.ActiveCfg = Debug|Any CPU
		{5F0362F1-8F37-4201-8C3E-9ADB96AC5523}.Debug|Any CPU.Build.0 = Debug|Any CPU
		{5F0362F1-8F37-4201-8C3E-9ADB96AC5523}.Release|Any CPU.ActiveCfg = Release|Any CPU
		{5F0362F1-8F37-4201-8C3E-9ADB96AC5523}.Release|Any CPU.Build.0 = Release|Any CPU
		{89233FA1-24BC-4BE1-9ED7-611748B5A5C9}.Debug|Any CPU.ActiveCfg = Debug|Any CPU
		{89233FA1-24BC-4BE1-9ED7-611748B5A5C9}.Debug|Any CPU.Build.0 = Debug|Any CPU
		{89233FA1-24BC-4BE1-9ED7-611748B5A5C9}.Release|Any CPU.ActiveCfg = Release|Any CPU
		{89233FA1-24BC-4BE1-9ED7-611748B5A5C9}.Release|Any CPU.Build.0 = Release|Any CPU
		{F84C9D66-B512-4FE4-A434-B1745E507C54}.Debug|Any CPU.ActiveCfg = Debug|Any CPU
		{F84C9D66-B512-4FE4-A434-B1745E507C54}.Debug|Any CPU.Build.0 = Debug|Any CPU
		{F84C9D66-B512-4FE4-A434-B1745E507C54}.Release|Any CPU.ActiveCfg = Release|Any CPU
		{F84C9D66-B512-4FE4-A434-B1745E507C54}.Release|Any CPU.Build.0 = Release|Any CPU
		{A6322E33-CD5C-404A-B8BA-480DCAD0EFDA}.Debug|Any CPU.ActiveCfg = Debug|Any CPU
		{A6322E33-CD5C-404A-B8BA-480DCAD0EFDA}.Debug|Any CPU.Build.0 = Debug|Any CPU
		{A6322E33-CD5C-404A-B8BA-480DCAD0EFDA}.Release|Any CPU.ActiveCfg = Release|Any CPU
		{A6322E33-CD5C-404A-B8BA-480DCAD0EFDA}.Release|Any CPU.Build.0 = Release|Any CPU
		{23ED1D60-A412-4D87-B09D-413AAC087519}.Debug|Any CPU.ActiveCfg = Debug|Any CPU
		{23ED1D60-A412-4D87-B09D-413AAC087519}.Debug|Any CPU.Build.0 = Debug|Any CPU
		{23ED1D60-A412-4D87-B09D-413AAC087519}.Release|Any CPU.ActiveCfg = Release|Any CPU
		{23ED1D60-A412-4D87-B09D-413AAC087519}.Release|Any CPU.Build.0 = Release|Any CPU
	EndGlobalSection
EndGlobal
